{
  "object": {
    "pins": [
      {
        "package": "Xorswift",
        "repositoryURL": "https://github.com/t-ae/xorswift.git",
        "state": {
          "branch": null,
          "revision": "333ca00f8761d37e0dd97d8b20854b248f49dbb7",
          "version": "2.0.1"
        }
      }
    ]
  },
  "version": 1
}
