{
  "object": {
    "pins": [
      {
        "package": "Xorswift",
        "repositoryURL": "https://github.com/t-ae/xorswift.git",
        "state": {
          "branch": null,
          "revision": "0b198e51a9e8f7583e04ec695ddf26b3ff894787",
          "version": "0.0.9"
        }
      }
    ]
  },
  "version": 1
}
